// !$*UTF8*$!
{
	archiveVersion = 1;
	classes = {
	};
	objectVersion = 46;
	objects = {

/* Begin PBXBuildFile section */
		C689B94115281E6A00D6CA55 /* UIKit.framework in Frameworks */ = {isa = PBXBuildFile; fileRef = C689B94015281E6A00D6CA55 /* UIKit.framework */; };
		C689B94315281E6A00D6CA55 /* Foundation.framework in Frameworks */ = {isa = PBXBuildFile; fileRef = C689B94215281E6A00D6CA55 /* Foundation.framework */; };
		C689B94515281E6A00D6CA55 /* CoreGraphics.framework in Frameworks */ = {isa = PBXBuildFile; fileRef = C689B94415281E6A00D6CA55 /* CoreGraphics.framework */; };
		C689B94B15281E6B00D6CA55 /* InfoPlist.strings in Resources */ = {isa = PBXBuildFile; fileRef = C689B94915281E6B00D6CA55 /* InfoPlist.strings */; };
		C689B94D15281E6B00D6CA55 /* main.m in Sources */ = {isa = PBXBuildFile; fileRef = C689B94C15281E6B00D6CA55 /* main.m */; };
		C689B95115281E6B00D6CA55 /* AppDelegate.m in Sources */ = {isa = PBXBuildFile; fileRef = C689B95015281E6B00D6CA55 /* AppDelegate.m */; };
		C689B96615281F2F00D6CA55 /* vista1.m in Sources */ = {isa = PBXBuildFile; fileRef = C689B96415281F2F00D6CA55 /* vista1.m */; };
		C689B96715281F2F00D6CA55 /* vista1.xib in Resources */ = {isa = PBXBuildFile; fileRef = C689B96515281F2F00D6CA55 /* vista1.xib */; };
		C689B96F152820B500D6CA55 /* vista2.m in Sources */ = {isa = PBXBuildFile; fileRef = C689B96D152820B500D6CA55 /* vista2.m */; };
		C689B970152820B500D6CA55 /* vista2.xib in Resources */ = {isa = PBXBuildFile; fileRef = C689B96E152820B500D6CA55 /* vista2.xib */; };
		C689B9731528211800D6CA55 /* arrowlineleft.png in Resources */ = {isa = PBXBuildFile; fileRef = C689B9711528211800D6CA55 /* arrowlineleft.png */; };
		C689B9741528211800D6CA55 /* arrowlineright.png in Resources */ = {isa = PBXBuildFile; fileRef = C689B9721528211800D6CA55 /* arrowlineright.png */; };
		C689B97715282FE300D6CA55 /* bombillaof.png in Resources */ = {isa = PBXBuildFile; fileRef = C689B97515282FE300D6CA55 /* bombillaof.png */; };
		C689B97815282FE300D6CA55 /* bombillaon.png in Resources */ = {isa = PBXBuildFile; fileRef = C689B97615282FE300D6CA55 /* bombillaon.png */; };
		C689B97A1528303D00D6CA55 /* electricidad1.wav in Resources */ = {isa = PBXBuildFile; fileRef = C689B9791528303D00D6CA55 /* electricidad1.wav */; };
		C689B97C1528308000D6CA55 /* AVFoundation.framework in Frameworks */ = {isa = PBXBuildFile; fileRef = C689B97B1528308000D6CA55 /* AVFoundation.framework */; };
		C689B97E152845B500D6CA55 /* arbol1.png in Resources */ = {isa = PBXBuildFile; fileRef = C689B97D152845B500D6CA55 /* arbol1.png */; };
		C689B983152849D900D6CA55 /* leaf1.png in Resources */ = {isa = PBXBuildFile; fileRef = C689B97F152849D900D6CA55 /* leaf1.png */; };
		C689B984152849D900D6CA55 /* leaf2.png in Resources */ = {isa = PBXBuildFile; fileRef = C689B980152849D900D6CA55 /* leaf2.png */; };
		C689B985152849D900D6CA55 /* leaf3.png in Resources */ = {isa = PBXBuildFile; fileRef = C689B981152849D900D6CA55 /* leaf3.png */; };
		C689B986152849D900D6CA55 /* leaf4.png in Resources */ = {isa = PBXBuildFile; fileRef = C689B982152849D900D6CA55 /* leaf4.png */; };
/* End PBXBuildFile section */

/* Begin PBXFileReference section */
		C689B93C15281E6A00D6CA55 /* resumenanimaciones.app */ = {isa = PBXFileReference; explicitFileType = wrapper.application; includeInIndex = 0; path = resumenanimaciones.app; sourceTree = BUILT_PRODUCTS_DIR; };
		C689B94015281E6A00D6CA55 /* UIKit.framework */ = {isa = PBXFileReference; lastKnownFileType = wrapper.framework; name = UIKit.framework; path = System/Library/Frameworks/UIKit.framework; sourceTree = SDKROOT; };
		C689B94215281E6A00D6CA55 /* Foundation.framework */ = {isa = PBXFileReference; lastKnownFileType = wrapper.framework; name = Foundation.framework; path = System/Library/Frameworks/Foundation.framework; sourceTree = SDKROOT; };
		C689B94415281E6A00D6CA55 /* CoreGraphics.framework */ = {isa = PBXFileReference; lastKnownFileType = wrapper.framework; name = CoreGraphics.framework; path = System/Library/Frameworks/CoreGraphics.framework; sourceTree = SDKROOT; };
		C689B94815281E6B00D6CA55 /* resumenanimaciones-Info.plist */ = {isa = PBXFileReference; lastKnownFileType = text.plist.xml; path = "resumenanimaciones-Info.plist"; sourceTree = "<group>"; };
		C689B94A15281E6B00D6CA55 /* en */ = {isa = PBXFileReference; lastKnownFileType = text.plist.strings; name = en; path = en.lproj/InfoPlist.strings; sourceTree = "<group>"; };
		C689B94C15281E6B00D6CA55 /* main.m */ = {isa = PBXFileReference; lastKnownFileType = sourcecode.c.objc; path = main.m; sourceTree = "<group>"; };
		C689B94E15281E6B00D6CA55 /* resumenanimaciones-Prefix.pch */ = {isa = PBXFileReference; lastKnownFileType = sourcecode.c.h; path = "resumenanimaciones-Prefix.pch"; sourceTree = "<group>"; };
		C689B94F15281E6B00D6CA55 /* AppDelegate.h */ = {isa = PBXFileReference; lastKnownFileType = sourcecode.c.h; path = AppDelegate.h; sourceTree = "<group>"; };
		C689B95015281E6B00D6CA55 /* AppDelegate.m */ = {isa = PBXFileReference; lastKnownFileType = sourcecode.c.objc; path = AppDelegate.m; sourceTree = "<group>"; };
		C689B96315281F2F00D6CA55 /* vista1.h */ = {isa = PBXFileReference; fileEncoding = 4; lastKnownFileType = sourcecode.c.h; path = vista1.h; sourceTree = "<group>"; };
		C689B96415281F2F00D6CA55 /* vista1.m */ = {isa = PBXFileReference; fileEncoding = 4; lastKnownFileType = sourcecode.c.objc; path = vista1.m; sourceTree = "<group>"; };
		C689B96515281F2F00D6CA55 /* vista1.xib */ = {isa = PBXFileReference; fileEncoding = 4; lastKnownFileType = file.xib; path = vista1.xib; sourceTree = "<group>"; };
		C689B96C152820B500D6CA55 /* vista2.h */ = {isa = PBXFileReference; fileEncoding = 4; lastKnownFileType = sourcecode.c.h; path = vista2.h; sourceTree = "<group>"; };
		C689B96D152820B500D6CA55 /* vista2.m */ = {isa = PBXFileReference; fileEncoding = 4; lastKnownFileType = sourcecode.c.objc; path = vista2.m; sourceTree = "<group>"; };
		C689B96E152820B500D6CA55 /* vista2.xib */ = {isa = PBXFileReference; fileEncoding = 4; lastKnownFileType = file.xib; path = vista2.xib; sourceTree = "<group>"; };
		C689B9711528211800D6CA55 /* arrowlineleft.png */ = {isa = PBXFileReference; lastKnownFileType = image.png; path = arrowlineleft.png; sourceTree = "<group>"; };
		C689B9721528211800D6CA55 /* arrowlineright.png */ = {isa = PBXFileReference; lastKnownFileType = image.png; path = arrowlineright.png; sourceTree = "<group>"; };
		C689B97515282FE300D6CA55 /* bombillaof.png */ = {isa = PBXFileReference; lastKnownFileType = image.png; path = bombillaof.png; sourceTree = "<group>"; };
		C689B97615282FE300D6CA55 /* bombillaon.png */ = {isa = PBXFileReference; lastKnownFileType = image.png; path = bombillaon.png; sourceTree = "<group>"; };
		C689B9791528303D00D6CA55 /* electricidad1.wav */ = {isa = PBXFileReference; lastKnownFileType = audio.wav; path = electricidad1.wav; sourceTree = "<group>"; };
		C689B97B1528308000D6CA55 /* AVFoundation.framework */ = {isa = PBXFileReference; lastKnownFileType = wrapper.framework; name = AVFoundation.framework; path = System/Library/Frameworks/AVFoundation.framework; sourceTree = SDKROOT; };
		C689B97D152845B500D6CA55 /* arbol1.png */ = {isa = PBXFileReference; lastKnownFileType = image.png; path = arbol1.png; sourceTree = "<group>"; };
		C689B97F152849D900D6CA55 /* leaf1.png */ = {isa = PBXFileReference; lastKnownFileType = image.png; path = leaf1.png; sourceTree = "<group>"; };
		C689B980152849D900D6CA55 /* leaf2.png */ = {isa = PBXFileReference; lastKnownFileType = image.png; path = leaf2.png; sourceTree = "<group>"; };
		C689B981152849D900D6CA55 /* leaf3.png */ = {isa = PBXFileReference; lastKnownFileType = image.png; path = leaf3.png; sourceTree = "<group>"; };
		C689B982152849D900D6CA55 /* leaf4.png */ = {isa = PBXFileReference; lastKnownFileType = image.png; path = leaf4.png; sourceTree = "<group>"; };
/* End PBXFileReference section */

/* Begin PBXFrameworksBuildPhase section */
		C689B93915281E6A00D6CA55 /* Frameworks */ = {
			isa = PBXFrameworksBuildPhase;
			buildActionMask = 2147483647;
			files = (
				C689B97C1528308000D6CA55 /* AVFoundation.framework in Frameworks */,
				C689B94115281E6A00D6CA55 /* UIKit.framework in Frameworks */,
				C689B94315281E6A00D6CA55 /* Foundation.framework in Frameworks */,
				C689B94515281E6A00D6CA55 /* CoreGraphics.framework in Frameworks */,
			);
			runOnlyForDeploymentPostprocessing = 0;
		};
/* End PBXFrameworksBuildPhase section */

/* Begin PBXGroup section */
		C689B93115281E6A00D6CA55 = {
			isa = PBXGroup;
			children = (
				C689B94615281E6A00D6CA55 /* resumenanimaciones */,
				C689B93F15281E6A00D6CA55 /* Frameworks */,
				C689B93D15281E6A00D6CA55 /* Products */,
			);
			sourceTree = "<group>";
		};
		C689B93D15281E6A00D6CA55 /* Products */ = {
			isa = PBXGroup;
			children = (
				C689B93C15281E6A00D6CA55 /* resumenanimaciones.app */,
			);
			name = Products;
			sourceTree = "<group>";
		};
		C689B93F15281E6A00D6CA55 /* Frameworks */ = {
			isa = PBXGroup;
			children = (
				C689B97B1528308000D6CA55 /* AVFoundation.framework */,
				C689B94015281E6A00D6CA55 /* UIKit.framework */,
				C689B94215281E6A00D6CA55 /* Foundation.framework */,
				C689B94415281E6A00D6CA55 /* CoreGraphics.framework */,
			);
			name = Frameworks;
			sourceTree = "<group>";
		};
		C689B94615281E6A00D6CA55 /* resumenanimaciones */ = {
			isa = PBXGroup;
			children = (
				C689B94F15281E6B00D6CA55 /* AppDelegate.h */,
				C689B95015281E6B00D6CA55 /* AppDelegate.m */,
				C689B96315281F2F00D6CA55 /* vista1.h */,
				C689B96415281F2F00D6CA55 /* vista1.m */,
				C689B96515281F2F00D6CA55 /* vista1.xib */,
				C689B97515282FE300D6CA55 /* bombillaof.png */,
				C689B97615282FE300D6CA55 /* bombillaon.png */,
				C689B9791528303D00D6CA55 /* electricidad1.wav */,
				C689B96C152820B500D6CA55 /* vista2.h */,
				C689B96D152820B500D6CA55 /* vista2.m */,
				C689B96E152820B500D6CA55 /* vista2.xib */,
				C689B97D152845B500D6CA55 /* arbol1.png */,
				C689B97F152849D900D6CA55 /* leaf1.png */,
				C689B980152849D900D6CA55 /* leaf2.png */,
				C689B981152849D900D6CA55 /* leaf3.png */,
				C689B982152849D900D6CA55 /* leaf4.png */,
				C689B94715281E6B00D6CA55 /* Supporting Files */,
			);
			path = resumenanimaciones;
			sourceTree = "<group>";
		};
		C689B94715281E6B00D6CA55 /* Supporting Files */ = {
			isa = PBXGroup;
			children = (
				C689B9711528211800D6CA55 /* arrowlineleft.png */,
				C689B9721528211800D6CA55 /* arrowlineright.png */,
				C689B94815281E6B00D6CA55 /* resumenanimaciones-Info.plist */,
				C689B94915281E6B00D6CA55 /* InfoPlist.strings */,
				C689B94C15281E6B00D6CA55 /* main.m */,
				C689B94E15281E6B00D6CA55 /* resumenanimaciones-Prefix.pch */,
			);
			name = "Supporting Files";
			sourceTree = "<group>";
		};
/* End PBXGroup section */

/* Begin PBXNativeTarget section */
		C689B93B15281E6A00D6CA55 /* resumenanimaciones */ = {
			isa = PBXNativeTarget;
			buildConfigurationList = C689B96015281E6B00D6CA55 /* Build configuration list for PBXNativeTarget "resumenanimaciones" */;
			buildPhases = (
				C689B93815281E6A00D6CA55 /* Sources */,
				C689B93915281E6A00D6CA55 /* Frameworks */,
				C689B93A15281E6A00D6CA55 /* Resources */,
			);
			buildRules = (
			);
			dependencies = (
			);
			name = resumenanimaciones;
			productName = resumenanimaciones;
			productReference = C689B93C15281E6A00D6CA55 /* resumenanimaciones.app */;
			productType = "com.apple.product-type.application";
		};
/* End PBXNativeTarget section */

/* Begin PBXProject section */
		C689B93315281E6A00D6CA55 /* Project object */ = {
			isa = PBXProject;
			attributes = {
				LastUpgradeCheck = 0430;
				ORGANIZATIONNAME = "INDUSTRIA TRANSFORMADORA ESPECIA SL";
			};
			buildConfigurationList = C689B93615281E6A00D6CA55 /* Build configuration list for PBXProject "resumenanimaciones" */;
			compatibilityVersion = "Xcode 3.2";
			developmentRegion = English;
			hasScannedForEncodings = 0;
			knownRegions = (
				en,
			);
			mainGroup = C689B93115281E6A00D6CA55;
			productRefGroup = C689B93D15281E6A00D6CA55 /* Products */;
			projectDirPath = "";
			projectRoot = "";
			targets = (
				C689B93B15281E6A00D6CA55 /* resumenanimaciones */,
			);
		};
/* End PBXProject section */

/* Begin PBXResourcesBuildPhase section */
		C689B93A15281E6A00D6CA55 /* Resources */ = {
			isa = PBXResourcesBuildPhase;
			buildActionMask = 2147483647;
			files = (
				C689B94B15281E6B00D6CA55 /* InfoPlist.strings in Resources */,
				C689B96715281F2F00D6CA55 /* vista1.xib in Resources */,
				C689B970152820B500D6CA55 /* vista2.xib in Resources */,
				C689B9731528211800D6CA55 /* arrowlineleft.png in Resources */,
				C689B9741528211800D6CA55 /* arrowlineright.png in Resources */,
				C689B97715282FE300D6CA55 /* bombillaof.png in Resources */,
				C689B97815282FE300D6CA55 /* bombillaon.png in Resources */,
				C689B97A1528303D00D6CA55 /* electricidad1.wav in Resources */,
				C689B97E152845B500D6CA55 /* arbol1.png in Resources */,
				C689B983152849D900D6CA55 /* leaf1.png in Resources */,
				C689B984152849D900D6CA55 /* leaf2.png in Resources */,
				C689B985152849D900D6CA55 /* leaf3.png in Resources */,
				C689B986152849D900D6CA55 /* leaf4.png in Resources */,
			);
			runOnlyForDeploymentPostprocessing = 0;
		};
/* End PBXResourcesBuildPhase section */

/* Begin PBXSourcesBuildPhase section */
		C689B93815281E6A00D6CA55 /* Sources */ = {
			isa = PBXSourcesBuildPhase;
			buildActionMask = 2147483647;
			files = (
				C689B94D15281E6B00D6CA55 /* main.m in Sources */,
				C689B95115281E6B00D6CA55 /* AppDelegate.m in Sources */,
				C689B96615281F2F00D6CA55 /* vista1.m in Sources */,
				C689B96F152820B500D6CA55 /* vista2.m in Sources */,
			);
			runOnlyForDeploymentPostprocessing = 0;
		};
/* End PBXSourcesBuildPhase section */

/* Begin PBXVariantGroup section */
		C689B94915281E6B00D6CA55 /* InfoPlist.strings */ = {
			isa = PBXVariantGroup;
			children = (
				C689B94A15281E6B00D6CA55 /* en */,
			);
			name = InfoPlist.strings;
			sourceTree = "<group>";
		};
/* End PBXVariantGroup section */

/* Begin XCBuildConfiguration section */
		C689B95E15281E6B00D6CA55 /* Debug */ = {
			isa = XCBuildConfiguration;
			buildSettings = {
				ALWAYS_SEARCH_USER_PATHS = NO;
				ARCHS = "$(ARCHS_STANDARD_32_BIT)";
				CLANG_ENABLE_OBJC_ARC = YES;
				"CODE_SIGN_IDENTITY[sdk=iphoneos*]" = "iPhone Developer";
				COPY_PHASE_STRIP = NO;
				GCC_C_LANGUAGE_STANDARD = gnu99;
				GCC_DYNAMIC_NO_PIC = NO;
				GCC_OPTIMIZATION_LEVEL = 0;
				GCC_PREPROCESSOR_DEFINITIONS = (
					"DEBUG=1",
					"$(inherited)",
				);
				GCC_SYMBOLS_PRIVATE_EXTERN = NO;
				GCC_VERSION = com.apple.compilers.llvm.clang.1_0;
				GCC_WARN_ABOUT_RETURN_TYPE = YES;
				GCC_WARN_UNINITIALIZED_AUTOS = YES;
				GCC_WARN_UNUSED_VARIABLE = YES;
				IPHONEOS_DEPLOYMENT_TARGET = 5.1;
				SDKROOT = iphoneos;
				TARGETED_DEVICE_FAMILY = 2;
			};
			name = Debug;
		};
		C689B95F15281E6B00D6CA55 /* Release */ = {
			isa = XCBuildConfiguration;
			buildSettings = {
				ALWAYS_SEARCH_USER_PATHS = NO;
				ARCHS = "$(ARCHS_STANDARD_32_BIT)";
				CLANG_ENABLE_OBJC_ARC = YES;
				"CODE_SIGN_IDENTITY[sdk=iphoneos*]" = "iPhone Developer";
				COPY_PHASE_STRIP = YES;
				GCC_C_LANGUAGE_STANDARD = gnu99;
				GCC_VERSION = com.apple.compilers.llvm.clang.1_0;
				GCC_WARN_ABOUT_RETURN_TYPE = YES;
				GCC_WARN_UNINITIALIZED_AUTOS = YES;
				GCC_WARN_UNUSED_VARIABLE = YES;
				IPHONEOS_DEPLOYMENT_TARGET = 5.1;
				OTHER_CFLAGS = "-DNS_BLOCK_ASSERTIONS=1";
				SDKROOT = iphoneos;
				TARGETED_DEVICE_FAMILY = 2;
				VALIDATE_PRODUCT = YES;
			};
			name = Release;
		};
		C689B96115281E6B00D6CA55 /* Debug */ = {
			isa = XCBuildConfiguration;
			buildSettings = {
				GCC_PRECOMPILE_PREFIX_HEADER = YES;
				GCC_PREFIX_HEADER = "resumenanimaciones/resumenanimaciones-Prefix.pch";
				INFOPLIST_FILE = "resumenanimaciones/resumenanimaciones-Info.plist";
				PRODUCT_NAME = "$(TARGET_NAME)";
				WRAPPER_EXTENSION = app;
			};
			name = Debug;
		};
		C689B96215281E6B00D6CA55 /* Release */ = {
			isa = XCBuildConfiguration;
			buildSettings = {
				GCC_PRECOMPILE_PREFIX_HEADER = YES;
				GCC_PREFIX_HEADER = "resumenanimaciones/resumenanimaciones-Prefix.pch";
				INFOPLIST_FILE = "resumenanimaciones/resumenanimaciones-Info.plist";
				PRODUCT_NAME = "$(TARGET_NAME)";
				WRAPPER_EXTENSION = app;
			};
			name = Release;
		};
/* End XCBuildConfiguration section */

/* Begin XCConfigurationList section */
		C689B93615281E6A00D6CA55 /* Build configuration list for PBXProject "resumenanimaciones" */ = {
			isa = XCConfigurationList;
			buildConfigurations = (
				C689B95E15281E6B00D6CA55 /* Debug */,
				C689B95F15281E6B00D6CA55 /* Release */,
			);
			defaultConfigurationIsVisible = 0;
			defaultConfigurationName = Release;
		};
		C689B96015281E6B00D6CA55 /* Build configuration list for PBXNativeTarget "resumenanimaciones" */ = {
			isa = XCConfigurationList;
			buildConfigurations = (
				C689B96115281E6B00D6CA55 /* Debug */,
				C689B96215281E6B00D6CA55 /* Release */,
			);
			defaultConfigurationIsVisible = 0;
		};
/* End XCConfigurationList section */
	};
	rootObject = C689B93315281E6A00D6CA55 /* Project object */;
}
